
Microsoft Visual Studio Solution File, Format Version 12.00
# Visual Studio Version 17
VisualStudioVersion = 17.6.33829.357
MinimumVisualStudioVersion = 10.0.40219.1
Project("{FAE04EC0-301F-11D3-BF4B-00C04F79EFBC}") = "WebAPI_Funcionario", "WebAPI_Funcionario\WebAPI_Funcionario.csproj", "{666CE059-102F-4365-B2D1-7691635623E6}"
EndProject
Global
	GlobalSection(SolutionConfigurationPlatforms) = preSolution
		Debug|Any CPU = Debug|Any CPU
		Release|Any CPU = Release|Any CPU
	EndGlobalSection
	GlobalSection(ProjectConfigurationPlatforms) = postSolution
		{666CE059-102F-4365-B2D1-7691635623E6}.Debug|Any CPU.ActiveCfg = Debug|Any CPU
		{666CE059-102F-4365-B2D1-7691635623E6}.Debug|Any CPU.Build.0 = Debug|Any CPU
		{666CE059-102F-4365-B2D1-7691635623E6}.Release|Any CPU.ActiveCfg = Release|Any CPU
		{666CE059-102F-4365-B2D1-7691635623E6}.Release|Any CPU.Build.0 = Release|Any CPU
	EndGlobalSection
	GlobalSection(SolutionProperties) = preSolution
		HideSolutionNode = FALSE
	EndGlobalSection
	GlobalSection(ExtensibilityGlobals) = postSolution
		SolutionGuid = {C7CB276A-2D1B-440D-8162-CE2CCBB02128}
	EndGlobalSection
EndGlobal
